{
  "version": 4,
  "terraform_version": "1.15.7",
  "serial": 31,
  "lineage": "c75ea91d-1420-20ac-3246-8a3caa1e0404",
  "outputs": {
    "lambda_url": {
      "value": "https://mfz4ou2q5l3bq3wqjwf62d5kru0pbuau.lambda-url.eu-central-1.on.aws/",
      "type": "string"
    }
  },
  "resources": [
    {
      "mode": "data",
      "type": "archive_file",
      "name": "init",
      "provider": "provider[\"registry.terraform.io/hashicorp/archive\"]",
      "instances": [
        {
          "schema_version": 0,
          "attributes": {
            "exclude_symlink_directories": null,
            "excludes": null,
            "id": "8037aab572ec7b8b37197dbeba41a444c4eede2b",
            "output_base64sha256": "qUYOCPHk9EdsrCpHZ0LHLYGSI8R2/b2XoAKyhsE8n9Q=",
            "output_base64sha512": "Z+uN/Vkon/lok0Pv7O8PPW+ZWcEiLjNnf8OQggmCl552/+fNFD+TQPC71NiBlfQUVn+0BOk1HoUsWGHTIqJnOw==",
            "output_file_mode": null,
            "output_md5": "bf747bbb68043a90afd6342119c8af48",
            "output_path": "./lambda.zip",
            "output_sha": "8037aab572ec7b8b37197dbeba41a444c4eede2b",
            "output_sha256": "a9460e08f1e4f4476cac2a476742c72d819223c476fdbd97a002b286c13c9fd4",
            "output_sha512": "67eb8dfd59289ff9689343efecef0f3d6f9959c1222e33677fc390820982979e76ffe7cd143f9340f0bbd4d88195f414567fb404e9351e852c5861d322a2673b",
            "output_size": 271,
            "source": [],
            "source_content": null,
            "source_content_filename": null,
            "source_dir": null,
            "source_file": "./build/index.mjs",
            "type": "zip"
          },
          "sensitive_attributes": [],
          "identity_schema_version": 0
        }
      ]
    },
    {
      "mode": "data",
      "type": "aws_caller_identity",
      "name": "current",
      "provider": "provider[\"registry.terraform.io/hashicorp/aws\"]",
      "instances": [
        {
          "schema_version": 0,
          "attributes": {
            "account_id": "998461587073",
            "arn": "arn:aws:iam::998461587073:user/ilya",
            "id": "998461587073",
            "user_id": "AIDA6Q6HSX2AXVGRC224P"
          },
          "sensitive_attributes": [],
          "identity_schema_version": 0
        }
      ]
    },
    {
      "mode": "data",
      "type": "aws_iam_policy_document",
      "name": "lambda_assume_role_policy",
      "provider": "provider[\"registry.terraform.io/hashicorp/aws\"]",
      "instances": [
        {
          "schema_version": 0,
          "attributes": {
            "id": "2690255455",
            "json": "{\n  \"Version\": \"2012-10-17\",\n  \"Statement\": [\n    {\n      \"Effect\": \"Allow\",\n      \"Action\": \"sts:AssumeRole\",\n      \"Principal\": {\n        \"Service\": \"lambda.amazonaws.com\"\n      }\n    }\n  ]\n}",
            "minified_json": "{\"Version\":\"2012-10-17\",\"Statement\":[{\"Effect\":\"Allow\",\"Action\":\"sts:AssumeRole\",\"Principal\":{\"Service\":\"lambda.amazonaws.com\"}}]}",
            "override_json": null,
            "override_policy_documents": null,
            "policy_id": null,
            "source_json": null,
            "source_policy_documents": null,
            "statement": [
              {
                "actions": [
                  "sts:AssumeRole"
                ],
                "condition": [],
                "effect": "Allow",
                "not_actions": [],
                "not_principals": [],
                "not_resources": [],
                "principals": [
                  {
                    "identifiers": [
                      "lambda.amazonaws.com"
                    ],
                    "type": "Service"
                  }
                ],
                "resources": [],
                "sid": ""
              }
            ],
            "version": "2012-10-17"
          },
          "sensitive_attributes": [],
          "identity_schema_version": 0
        }
      ]
    },
    {
      "mode": "data",
      "type": "aws_iam_policy_document",
      "name": "lambda_execution_policy",
      "provider": "provider[\"registry.terraform.io/hashicorp/aws\"]",
      "instances": [
        {
          "schema_version": 0,
          "attributes": {
            "id": "1636554397",
            "json": "{\n  \"Version\": \"2012-10-17\",\n  \"Statement\": [\n    {\n      \"Effect\": \"Allow\",\n      \"Action\": \"logs:CreateLogGroup\",\n      \"Resource\": \"arn:aws:logs:eu-central-1:998461587073:*\"\n    },\n    {\n      \"Effect\": \"Allow\",\n      \"Action\": [\n        \"logs:PutLogEvents\",\n        \"logs:CreateLogStream\"\n      ],\n      \"Resource\": \"arn:aws:logs:eu-central-1:998461587073:log-group:/aws/lambda/ManuallyCreatedLambda:*\"\n    }\n  ]\n}",
            "minified_json": "{\"Version\":\"2012-10-17\",\"Statement\":[{\"Effect\":\"Allow\",\"Action\":\"logs:CreateLogGroup\",\"Resource\":\"arn:aws:logs:eu-central-1:998461587073:*\"},{\"Effect\":\"Allow\",\"Action\":[\"logs:PutLogEvents\",\"logs:CreateLogStream\"],\"Resource\":\"arn:aws:logs:eu-central-1:998461587073:log-group:/aws/lambda/ManuallyCreatedLambda:*\"}]}",
            "override_json": null,
            "override_policy_documents": null,
            "policy_id": null,
            "source_json": null,
            "source_policy_documents": null,
            "statement": [
              {
                "actions": [
                  "logs:CreateLogGroup"
                ],
                "condition": [],
                "effect": "Allow",
                "not_actions": [],
                "not_principals": [],
                "not_resources": [],
                "principals": [],
                "resources": [
                  "arn:aws:logs:eu-central-1:998461587073:*"
                ],
                "sid": ""
              },
              {
                "actions": [
                  "logs:CreateLogStream",
                  "logs:PutLogEvents"
                ],
                "condition": [],
                "effect": "Allow",
                "not_actions": [],
                "not_principals": [],
                "not_resources": [],
                "principals": [],
                "resources": [
                  "arn:aws:logs:eu-central-1:998461587073:log-group:/aws/lambda/ManuallyCreatedLambda:*"
                ],
                "sid": ""
              }
            ],
            "version": "2012-10-17"
          },
          "sensitive_attributes": [],
          "identity_schema_version": 0
        }
      ]
    },
    {
      "mode": "data",
      "type": "aws_region",
      "name": "current",
      "provider": "provider[\"registry.terraform.io/hashicorp/aws\"]",
      "instances": [
        {
          "schema_version": 0,
          "attributes": {
            "description": "Europe (Frankfurt)",
            "endpoint": "ec2.eu-central-1.amazonaws.com",
            "id": "eu-central-1",
            "name": "eu-central-1",
            "region": "eu-central-1"
          },
          "sensitive_attributes": [],
          "identity_schema_version": 0
        }
      ]
    },
    {
      "mode": "managed",
      "type": "aws_cloudwatch_log_group",
      "name": "lambda_log_group",
      "provider": "provider[\"registry.terraform.io/hashicorp/aws\"]",
      "instances": [
        {
          "schema_version": 0,
          "attributes": {
            "arn": "arn:aws:logs:eu-central-1:998461587073:log-group:/aws/lambda/ManuallyCreatedLambda",
            "deletion_protection_enabled": false,
            "id": "/aws/lambda/ManuallyCreatedLambda",
            "kms_key_id": "",
            "log_group_class": "STANDARD",
            "name": "/aws/lambda/ManuallyCreatedLambda",
            "name_prefix": "",
            "region": "eu-central-1",
            "retention_in_days": 0,
            "skip_destroy": false,
            "tags": {},
            "tags_all": {
              "ManagedBy": "Terraform",
              "Project": "ex19-import-lambda"
            }
          },
          "sensitive_attributes": [],
          "identity_schema_version": 0,
          "identity": {
            "account_id": "998461587073",
            "name": "/aws/lambda/ManuallyCreatedLambda",
            "region": "eu-central-1"
          },
          "private": "bnVsbA=="
        }
      ]
    },
    {
      "mode": "managed",
      "type": "aws_iam_policy",
      "name": "lambda_execution",
      "provider": "provider[\"registry.terraform.io/hashicorp/aws\"]",
      "instances": [
        {
          "schema_version": 0,
          "attributes": {
            "arn": "arn:aws:iam::998461587073:policy/service-role/AWSLambdaBasicExecutionRole-b07b835a-2547-4b71-8506-efb3467655f8",
            "attachment_count": 1,
            "delay_after_policy_creation_in_ms": null,
            "description": "",
            "id": "arn:aws:iam::998461587073:policy/service-role/AWSLambdaBasicExecutionRole-b07b835a-2547-4b71-8506-efb3467655f8",
            "name": "AWSLambdaBasicExecutionRole-b07b835a-2547-4b71-8506-efb3467655f8",
            "name_prefix": "",
            "path": "/service-role/",
            "policy": "{\"Statement\":[{\"Action\":\"logs:CreateLogGroup\",\"Effect\":\"Allow\",\"Resource\":\"arn:aws:logs:eu-central-1:998461587073:*\"},{\"Action\":[\"logs:CreateLogStream\",\"logs:PutLogEvents\"],\"Effect\":\"Allow\",\"Resource\":[\"arn:aws:logs:eu-central-1:998461587073:log-group:/aws/lambda/ManuallyCreatedLambda:*\"]}],\"Version\":\"2012-10-17\"}",
            "policy_id": "ANPA6Q6HSX2A2ZDGAGK43",
            "tags": {},
            "tags_all": {
              "ManagedBy": "Terraform",
              "Project": "ex19-import-lambda"
            }
          },
          "sensitive_attributes": [],
          "identity_schema_version": 0,
          "identity": {
            "arn": "arn:aws:iam::998461587073:policy/service-role/AWSLambdaBasicExecutionRole-b07b835a-2547-4b71-8506-efb3467655f8"
          },
          "private": "bnVsbA==",
          "dependencies": [
            "data.aws_caller_identity.current",
            "data.aws_iam_policy_document.lambda_execution_policy",
            "data.aws_region.current"
          ]
        }
      ]
    },
    {
      "mode": "managed",
      "type": "aws_iam_role",
      "name": "lambda_execution_role",
      "provider": "provider[\"registry.terraform.io/hashicorp/aws\"]",
      "instances": [
        {
          "schema_version": 0,
          "attributes": {
            "arn": "arn:aws:iam::998461587073:role/service-role/ManuallyCreatedLambda-role-s81if7by",
            "assume_role_policy": "{\"Statement\":[{\"Action\":\"sts:AssumeRole\",\"Effect\":\"Allow\",\"Principal\":{\"Service\":\"lambda.amazonaws.com\"}}],\"Version\":\"2012-10-17\"}",
            "create_date": "2026-07-04T17:00:56Z",
            "description": "",
            "force_detach_policies": false,
            "id": "ManuallyCreatedLambda-role-s81if7by",
            "inline_policy": [],
            "managed_policy_arns": [
              "arn:aws:iam::998461587073:policy/service-role/AWSLambdaBasicExecutionRole-b07b835a-2547-4b71-8506-efb3467655f8"
            ],
            "max_session_duration": 3600,
            "name": "ManuallyCreatedLambda-role-s81if7by",
            "name_prefix": "",
            "path": "/service-role/",
            "permissions_boundary": "",
            "tags": {},
            "tags_all": {
              "ManagedBy": "Terraform",
              "Project": "ex19-import-lambda"
            },
            "unique_id": "AROA6Q6HSX2A26C4LNF7K"
          },
          "sensitive_attributes": [],
          "identity_schema_version": 0,
          "identity": {
            "account_id": "998461587073",
            "name": "ManuallyCreatedLambda-role-s81if7by"
          },
          "private": "bnVsbA==",
          "dependencies": [
            "data.aws_iam_policy_document.lambda_assume_role_policy"
          ]
        }
      ]
    },
    {
      "mode": "managed",
      "type": "aws_iam_role_policy_attachment",
      "name": "lambda_execution",
      "provider": "provider[\"registry.terraform.io/hashicorp/aws\"]",
      "instances": [
        {
          "schema_version": 0,
          "attributes": {
            "id": "ManuallyCreatedLambda-role-s81if7by/arn:aws:iam::998461587073:policy/service-role/AWSLambdaBasicExecutionRole-b07b835a-2547-4b71-8506-efb3467655f8",
            "policy_arn": "arn:aws:iam::998461587073:policy/service-role/AWSLambdaBasicExecutionRole-b07b835a-2547-4b71-8506-efb3467655f8",
            "role": "ManuallyCreatedLambda-role-s81if7by"
          },
          "sensitive_attributes": [],
          "identity_schema_version": 0,
          "identity": {
            "account_id": "998461587073",
            "policy_arn": "arn:aws:iam::998461587073:policy/service-role/AWSLambdaBasicExecutionRole-b07b835a-2547-4b71-8506-efb3467655f8",
            "role": "ManuallyCreatedLambda-role-s81if7by"
          },
          "private": "bnVsbA==",
          "dependencies": [
            "aws_iam_policy.lambda_execution",
            "aws_iam_role.lambda_execution_role",
            "data.aws_caller_identity.current",
            "data.aws_iam_policy_document.lambda_assume_role_policy",
            "data.aws_iam_policy_document.lambda_execution_policy",
            "data.aws_region.current"
          ]
        }
      ]
    },
    {
      "mode": "managed",
      "type": "aws_lambda_function",
      "name": "this",
      "provider": "provider[\"registry.terraform.io/hashicorp/aws\"]",
      "instances": [
        {
          "schema_version": 0,
          "attributes": {
            "architectures": [
              "x86_64"
            ],
            "arn": "arn:aws:lambda:eu-central-1:998461587073:function:ManuallyCreatedLambda",
            "capacity_provider_config": [],
            "code_sha256": "qUYOCPHk9EdsrCpHZ0LHLYGSI8R2/b2XoAKyhsE8n9Q=",
            "code_signing_config_arn": "",
            "dead_letter_config": [],
            "description": "A starter AWS Lambda function.",
            "durable_config": [],
            "environment": [],
            "ephemeral_storage": [
              {
                "size": 512
              }
            ],
            "file_system_config": [],
            "filename": "./lambda.zip",
            "function_name": "ManuallyCreatedLambda",
            "handler": "index.handler",
            "id": "ManuallyCreatedLambda",
            "image_config": [],
            "image_uri": "",
            "invoke_arn": "arn:aws:apigateway:eu-central-1:lambda:path/2015-03-31/functions/arn:aws:lambda:eu-central-1:998461587073:function:ManuallyCreatedLambda/invocations",
            "kms_key_arn": "",
            "last_modified": "2026-07-04T18:45:57.000+0000",
            "layers": [],
            "logging_config": [
              {
                "application_log_level": "",
                "log_format": "Text",
                "log_group": "/aws/lambda/ManuallyCreatedLambda",
                "system_log_level": ""
              }
            ],
            "memory_size": 128,
            "package_type": "Zip",
            "publish": false,
            "publish_to": null,
            "qualified_arn": "arn:aws:lambda:eu-central-1:998461587073:function:ManuallyCreatedLambda:$LATEST",
            "qualified_invoke_arn": "arn:aws:apigateway:eu-central-1:lambda:path/2015-03-31/functions/arn:aws:lambda:eu-central-1:998461587073:function:ManuallyCreatedLambda:$LATEST/invocations",
            "region": "eu-central-1",
            "replace_security_groups_on_destroy": null,
            "replacement_security_group_ids": null,
            "reserved_concurrent_executions": -1,
            "response_streaming_invoke_arn": "arn:aws:apigateway:eu-central-1:lambda:path/2021-11-15/functions/arn:aws:lambda:eu-central-1:998461587073:function:ManuallyCreatedLambda/response-streaming-invocations",
            "role": "arn:aws:iam::998461587073:role/service-role/ManuallyCreatedLambda-role-s81if7by",
            "runtime": "nodejs22.x",
            "s3_bucket": null,
            "s3_key": null,
            "s3_object_version": null,
            "signing_job_arn": "",
            "signing_profile_version_arn": "",
            "skip_destroy": false,
            "snap_start": [],
            "source_code_hash": "qUYOCPHk9EdsrCpHZ0LHLYGSI8R2/b2XoAKyhsE8n9Q=",
            "source_code_size": 271,
            "source_kms_key_arn": "",
            "tags": {},
            "tags_all": {
              "ManagedBy": "Terraform",
              "Project": "ex19-import-lambda"
            },
            "tenancy_config": [],
            "timeout": 3,
            "timeouts": null,
            "tracing_config": [
              {
                "mode": "PassThrough"
              }
            ],
            "version": "$LATEST",
            "vpc_config": []
          },
          "sensitive_attributes": [],
          "identity_schema_version": 0,
          "identity": {
            "account_id": "998461587073",
            "function_name": "ManuallyCreatedLambda",
            "region": "eu-central-1"
          },
          "private": "eyJlMmJmYjczMC1lY2FhLTExZTYtOGY4OC0zNDM2M2JjN2M0YzAiOnsiY3JlYXRlIjo2MDAwMDAwMDAwMDAsImRlbGV0ZSI6NjAwMDAwMDAwMDAwLCJ1cGRhdGUiOjYwMDAwMDAwMDAwMH19",
          "dependencies": [
            "aws_iam_role.lambda_execution_role",
            "data.archive_file.init",
            "data.aws_iam_policy_document.lambda_assume_role_policy"
          ]
        }
      ]
    },
    {
      "mode": "managed",
      "type": "aws_lambda_function_url",
      "name": "this",
      "provider": "provider[\"registry.terraform.io/hashicorp/aws\"]",
      "instances": [
        {
          "schema_version": 0,
          "attributes": {
            "authorization_type": "NONE",
            "cors": [],
            "function_arn": "arn:aws:lambda:eu-central-1:998461587073:function:ManuallyCreatedLambda",
            "function_name": "ManuallyCreatedLambda",
            "function_url": "https://mfz4ou2q5l3bq3wqjwf62d5kru0pbuau.lambda-url.eu-central-1.on.aws/",
            "id": "ManuallyCreatedLambda",
            "invoke_mode": "BUFFERED",
            "qualifier": "",
            "region": "eu-central-1",
            "timeouts": null,
            "url_id": "mfz4ou2q5l3bq3wqjwf62d5kru0pbuau"
          },
          "sensitive_attributes": [],
          "identity_schema_version": 0,
          "private": "eyJlMmJmYjczMC1lY2FhLTExZTYtOGY4OC0zNDM2M2JjN2M0YzAiOnsiY3JlYXRlIjo2MDAwMDAwMDAwMDB9fQ==",
          "dependencies": [
            "aws_iam_role.lambda_execution_role",
            "aws_lambda_function.this",
            "data.archive_file.init",
            "data.aws_iam_policy_document.lambda_assume_role_policy"
          ]
        }
      ]
    }
  ],
  "check_results": null
}
